
Microsoft Visual Studio Solution File, Format Version 12.00
# Visual Studio 14
VisualStudioVersion = 14.0.25420.1
MinimumVisualStudioVersion = 10.0.40219.1
Project("{FAE04EC0-301F-11D3-BF4B-00C04F79EFBC}") = "UnitOfWorkExample.Data", "UnitOfWorkExample.Data\UnitOfWorkExample.Data.csproj", "{68C4B70A-B62C-4B35-A367-298CDB01BD76}"
EndProject
Project("{FAE04EC0-301F-11D3-BF4B-00C04F79EFBC}") = "UnitOfWorkExample.Web", "UnitOfWorkExample.Web\UnitOfWorkExample.Web.csproj", "{AEB6D424-7669-41DC-83B1-1121523F1020}"
EndProject
Project("{FAE04EC0-301F-11D3-BF4B-00C04F79EFBC}") = "UnitOfWorkExample.WebApi", "UnitOfWorkExample.WebApi\UnitOfWorkExample.WebApi.csproj", "{36FDBC73-8A7C-4E9C-8D4C-D4EDA3F2A6EB}"
EndProject
Project("{FAE04EC0-301F-11D3-BF4B-00C04F79EFBC}") = "UnitOfWorkExample.Domain", "UnitOfWorkExample.Domain\UnitOfWorkExample.Domain.csproj", "{A33D0A73-2096-4AEC-A7FA-F88F794783A7}"
EndProject
Global
	GlobalSection(SolutionConfigurationPlatforms) = preSolution
		Debug|Any CPU = Debug|Any CPU
		Release|Any CPU = Release|Any CPU
	EndGlobalSection
	GlobalSection(ProjectConfigurationPlatforms) = postSolution
		{68C4B70A-B62C-4B35-A367-298CDB01BD76}.Debug|Any CPU.ActiveCfg = Debug|Any CPU
		{68C4B70A-B62C-4B35-A367-298CDB01BD76}.Debug|Any CPU.Build.0 = Debug|Any CPU
		{68C4B70A-B62C-4B35-A367-298CDB01BD76}.Release|Any CPU.ActiveCfg = Release|Any CPU
		{68C4B70A-B62C-4B35-A367-298CDB01BD76}.Release|Any CPU.Build.0 = Release|Any CPU
		{AEB6D424-7669-41DC-83B1-1121523F1020}.Debug|Any CPU.ActiveCfg = Debug|Any CPU
		{AEB6D424-7669-41DC-83B1-1121523F1020}.Debug|Any CPU.Build.0 = Debug|Any CPU
		{AEB6D424-7669-41DC-83B1-1121523F1020}.Release|Any CPU.ActiveCfg = Release|Any CPU
		{AEB6D424-7669-41DC-83B1-1121523F1020}.Release|Any CPU.Build.0 = Release|Any CPU
		{36FDBC73-8A7C-4E9C-8D4C-D4EDA3F2A6EB}.Debug|Any CPU.ActiveCfg = Debug|Any CPU
		{36FDBC73-8A7C-4E9C-8D4C-D4EDA3F2A6EB}.Debug|Any CPU.Build.0 = Debug|Any CPU
		{36FDBC73-8A7C-4E9C-8D4C-D4EDA3F2A6EB}.Release|Any CPU.ActiveCfg = Release|Any CPU
		{36FDBC73-8A7C-4E9C-8D4C-D4EDA3F2A6EB}.Release|Any CPU.Build.0 = Release|Any CPU
		{A33D0A73-2096-4AEC-A7FA-F88F794783A7}.Debug|Any CPU.ActiveCfg = Debug|Any CPU
		{A33D0A73-2096-4AEC-A7FA-F88F794783A7}.Debug|Any CPU.Build.0 = Debug|Any CPU
		{A33D0A73-2096-4AEC-A7FA-F88F794783A7}.Release|Any CPU.ActiveCfg = Release|Any CPU
		{A33D0A73-2096-4AEC-A7FA-F88F794783A7}.Release|Any CPU.Build.0 = Release|Any CPU
	EndGlobalSection
	GlobalSection(SolutionProperties) = preSolution
		HideSolutionNode = FALSE
	EndGlobalSection
EndGlobal
